
Microsoft Visual Studio Solution File, Format Version 12.00
# Visual Studio Version 17
VisualStudioVersion = 17.6.33723.286
MinimumVisualStudioVersion = 10.0.40219.1
Project("{FAE04EC0-301F-11D3-BF4B-00C04F79EFBC}") = "tugasakhir.UWP", "tugasakhir\tugasakhir.UWP\tugasakhir.UWP.csproj", "{B9961A24-3132-4723-BE97-17E8C75FA3A8}"
EndProject
Project("{FAE04EC0-301F-11D3-BF4B-00C04F79EFBC}") = "tugasakhir.Android", "tugasakhir\tugasakhir.Android\tugasakhir.Android.csproj", "{FC339777-D0A7-440A-B0C2-C8E1F518B499}"
EndProject
Project("{FAE04EC0-301F-11D3-BF4B-00C04F79EFBC}") = "tugasakhir.iOS", "tugasakhir\tugasakhir.iOS\tugasakhir.iOS.csproj", "{6284255D-DA88-43B7-AF98-8BF3C9CD4E13}"
EndProject
Project("{9A19103F-16F7-4668-BE54-9A1E7A4F7556}") = "tugasakhir", "tugasakhir\tugasakhir\tugasakhir.csproj", "{506DEBBA-54AB-47B2-A50E-AEE8E1699518}"
EndProject
Global
	GlobalSection(SolutionConfigurationPlatforms) = preSolution
		Debug|Any CPU = Debug|Any CPU
		Debug|ARM = Debug|ARM
		Debug|iPhone = Debug|iPhone
		Debug|iPhoneSimulator = Debug|iPhoneSimulator
		Debug|x64 = Debug|x64
		Debug|x86 = Debug|x86
		Release|Any CPU = Release|Any CPU
		Release|ARM = Release|ARM
		Release|iPhone = Release|iPhone
		Release|iPhoneSimulator = Release|iPhoneSimulator
		Release|x64 = Release|x64
		Release|x86 = Release|x86
	EndGlobalSection
	GlobalSection(ProjectConfigurationPlatforms) = postSolution
		{B9961A24-3132-4723-BE97-17E8C75FA3A8}.Debug|Any CPU.ActiveCfg = Debug|x64
		{B9961A24-3132-4723-BE97-17E8C75FA3A8}.Debug|Any CPU.Build.0 = Debug|x64
		{B9961A24-3132-4723-BE97-17E8C75FA3A8}.Debug|ARM.ActiveCfg = Debug|ARM
		{B9961A24-3132-4723-BE97-17E8C75FA3A8}.Debug|ARM.Build.0 = Debug|ARM
		{B9961A24-3132-4723-BE97-17E8C75FA3A8}.Debug|ARM.Deploy.0 = Debug|ARM
		{B9961A24-3132-4723-BE97-17E8C75FA3A8}.Debug|iPhone.ActiveCfg = Debug|x64
		{B9961A24-3132-4723-BE97-17E8C75FA3A8}.Debug|iPhone.Build.0 = Debug|x64
		{B9961A24-3132-4723-BE97-17E8C75FA3A8}.Debug|iPhone.Deploy.0 = Debug|x64
		{B9961A24-3132-4723-BE97-17E8C75FA3A8}.Debug|iPhoneSimulator.ActiveCfg = Debug|x64
		{B9961A24-3132-4723-BE97-17E8C75FA3A8}.Debug|iPhoneSimulator.Build.0 = Debug|x64
		{B9961A24-3132-4723-BE97-17E8C75FA3A8}.Debug|iPhoneSimulator.Deploy.0 = Debug|x64
		{B9961A24-3132-4723-BE97-17E8C75FA3A8}.Debug|x64.ActiveCfg = Debug|x64
		{B9961A24-3132-4723-BE97-17E8C75FA3A8}.Debug|x64.Build.0 = Debug|x64
		{B9961A24-3132-4723-BE97-17E8C75FA3A8}.Debug|x64.Deploy.0 = Debug|x64
		{B9961A24-3132-4723-BE97-17E8C75FA3A8}.Debug|x86.ActiveCfg = Debug|x86
		{B9961A24-3132-4723-BE97-17E8C75FA3A8}.Debug|x86.Build.0 = Debug|x86
		{B9961A24-3132-4723-BE97-17E8C75FA3A8}.Debug|x86.Deploy.0 = Debug|x86
		{B9961A24-3132-4723-BE97-17E8C75FA3A8}.Release|Any CPU.ActiveCfg = Release|x64
		{B9961A24-3132-4723-BE97-17E8C75FA3A8}.Release|Any CPU.Build.0 = Release|x64
		{B9961A24-3132-4723-BE97-17E8C75FA3A8}.Release|Any CPU.Deploy.0 = Release|x64
		{B9961A24-3132-4723-BE97-17E8C75FA3A8}.Release|ARM.ActiveCfg = Release|ARM
		{B9961A24-3132-4723-BE97-17E8C75FA3A8}.Release|ARM.Build.0 = Release|ARM
		{B9961A24-3132-4723-BE97-17E8C75FA3A8}.Release|ARM.Deploy.0 = Release|ARM
		{B9961A24-3132-4723-BE97-17E8C75FA3A8}.Release|iPhone.ActiveCfg = Release|x64
		{B9961A24-3132-4723-BE97-17E8C75FA3A8}.Release|iPhone.Build.0 = Release|x64
		{B9961A24-3132-4723-BE97-17E8C75FA3A8}.Release|iPhone.Deploy.0 = Release|x64
		{B9961A24-3132-4723-BE97-17E8C75FA3A8}.Release|iPhoneSimulator.ActiveCfg = Release|x64
		{B9961A24-3132-4723-BE97-17E8C75FA3A8}.Release|iPhoneSimulator.Build.0 = Release|x64
		{B9961A24-3132-4723-BE97-17E8C75FA3A8}.Release|iPhoneSimulator.Deploy.0 = Release|x64
		{B9961A24-3132-4723-BE97-17E8C75FA3A8}.Release|x64.ActiveCfg = Release|x64
		{B9961A24-3132-4723-BE97-17E8C75FA3A8}.Release|x64.Build.0 = Release|x64
		{B9961A24-3132-4723-BE97-17E8C75FA3A8}.Release|x64.Deploy.0 = Release|x64
		{B9961A24-3132-4723-BE97-17E8C75FA3A8}.Release|x86.ActiveCfg = Release|x86
		{B9961A24-3132-4723-BE97-17E8C75FA3A8}.Release|x86.Build.0 = Release|x86
		{B9961A24-3132-4723-BE97-17E8C75FA3A8}.Release|x86.Deploy.0 = Release|x86
		{FC339777-D0A7-440A-B0C2-C8E1F518B499}.Debug|Any CPU.ActiveCfg = Debug|Any CPU
		{FC339777-D0A7-440A-B0C2-C8E1F518B499}.Debug|Any CPU.Build.0 = Debug|Any CPU
		{FC339777-D0A7-440A-B0C2-C8E1F518B499}.Debug|Any CPU.Deploy.0 = Debug|Any CPU
		{FC339777-D0A7-440A-B0C2-C8E1F518B499}.Debug|ARM.ActiveCfg = Debug|Any CPU
		{FC339777-D0A7-440A-B0C2-C8E1F518B499}.Debug|ARM.Build.0 = Debug|Any CPU
		{FC339777-D0A7-440A-B0C2-C8E1F518B499}.Debug|ARM.Deploy.0 = Debug|Any CPU
		{FC339777-D0A7-440A-B0C2-C8E1F518B499}.Debug|iPhone.ActiveCfg = Debug|Any CPU
		{FC339777-D0A7-440A-B0C2-C8E1F518B499}.Debug|iPhone.Build.0 = Debug|Any CPU
		{FC339777-D0A7-440A-B0C2-C8E1F518B499}.Debug|iPhone.Deploy.0 = Debug|Any CPU
		{FC339777-D0A7-440A-B0C2-C8E1F518B499}.Debug|iPhoneSimulator.ActiveCfg = Debug|Any CPU
		{FC339777-D0A7-440A-B0C2-C8E1F518B499}.Debug|iPhoneSimulator.Build.0 = Debug|Any CPU
		{FC339777-D0A7-440A-B0C2-C8E1F518B499}.Debug|iPhoneSimulator.Deploy.0 = Debug|Any CPU
		{FC339777-D0A7-440A-B0C2-C8E1F518B499}.Debug|x64.ActiveCfg = Debug|Any CPU
		{FC339777-D0A7-440A-B0C2-C8E1F518B499}.Debug|x64.Build.0 = Debug|Any CPU
		{FC339777-D0A7-440A-B0C2-C8E1F518B499}.Debug|x64.Deploy.0 = Debug|Any CPU
		{FC339777-D0A7-440A-B0C2-C8E1F518B499}.Debug|x86.ActiveCfg = Debug|Any CPU
		{FC339777-D0A7-440A-B0C2-C8E1F518B499}.Debug|x86.Build.0 = Debug|Any CPU
		{FC339777-D0A7-440A-B0C2-C8E1F518B499}.Debug|x86.Deploy.0 = Debug|Any CPU
		{FC339777-D0A7-440A-B0C2-C8E1F518B499}.Release|Any CPU.ActiveCfg = Release|Any CPU
		{FC339777-D0A7-440A-B0C2-C8E1F518B499}.Release|Any CPU.Build.0 = Release|Any CPU
		{FC339777-D0A7-440A-B0C2-C8E1F518B499}.Release|Any CPU.Deploy.0 = Release|Any CPU
		{FC339777-D0A7-440A-B0C2-C8E1F518B499}.Release|ARM.ActiveCfg = Release|Any CPU
		{FC339777-D0A7-440A-B0C2-C8E1F518B499}.Release|ARM.Build.0 = Release|Any CPU
		{FC339777-D0A7-440A-B0C2-C8E1F518B499}.Release|ARM.Deploy.0 = Release|Any CPU
		{FC339777-D0A7-440A-B0C2-C8E1F518B499}.Release|iPhone.ActiveCfg = Release|Any CPU
		{FC339777-D0A7-440A-B0C2-C8E1F518B499}.Release|iPhone.Build.0 = Release|Any CPU
		{FC339777-D0A7-440A-B0C2-C8E1F518B499}.Release|iPhone.Deploy.0 = Release|Any CPU
		{FC339777-D0A7-440A-B0C2-C8E1F518B499}.Release|iPhoneSimulator.ActiveCfg = Release|Any CPU
		{FC339777-D0A7-440A-B0C2-C8E1F518B499}.Release|iPhoneSimulator.Build.0 = Release|Any CPU
		{FC339777-D0A7-440A-B0C2-C8E1F518B499}.Release|iPhoneSimulator.Deploy.0 = Release|Any CPU
		{FC339777-D0A7-440A-B0C2-C8E1F518B499}.Release|x64.ActiveCfg = Release|Any CPU
		{FC339777-D0A7-440A-B0C2-C8E1F518B499}.Release|x64.Build.0 = Release|Any CPU
		{FC339777-D0A7-440A-B0C2-C8E1F518B499}.Release|x64.Deploy.0 = Release|Any CPU
		{FC339777-D0A7-440A-B0C2-C8E1F518B499}.Release|x86.ActiveCfg = Release|Any CPU
		{FC339777-D0A7-440A-B0C2-C8E1F518B499}.Release|x86.Build.0 = Release|Any CPU
		{FC339777-D0A7-440A-B0C2-C8E1F518B499}.Release|x86.Deploy.0 = Release|Any CPU
		{6284255D-DA88-43B7-AF98-8BF3C9CD4E13}.Debug|Any CPU.ActiveCfg = Debug|iPhoneSimulator
		{6284255D-DA88-43B7-AF98-8BF3C9CD4E13}.Debug|Any CPU.Build.0 = Debug|iPhoneSimulator
		{6284255D-DA88-43B7-AF98-8BF3C9CD4E13}.Debug|Any CPU.Deploy.0 = Debug|iPhoneSimulator
		{6284255D-DA88-43B7-AF98-8BF3C9CD4E13}.Debug|ARM.ActiveCfg = Debug|iPhoneSimulator
		{6284255D-DA88-43B7-AF98-8BF3C9CD4E13}.Debug|ARM.Build.0 = Debug|iPhoneSimulator
		{6284255D-DA88-43B7-AF98-8BF3C9CD4E13}.Debug|ARM.Deploy.0 = Debug|iPhoneSimulator
		{6284255D-DA88-43B7-AF98-8BF3C9CD4E13}.Debug|iPhone.ActiveCfg = Debug|iPhone
		{6284255D-DA88-43B7-AF98-8BF3C9CD4E13}.Debug|iPhone.Build.0 = Debug|iPhone
		{6284255D-DA88-43B7-AF98-8BF3C9CD4E13}.Debug|iPhone.Deploy.0 = Debug|iPhone
		{6284255D-DA88-43B7-AF98-8BF3C9CD4E13}.Debug|iPhoneSimulator.ActiveCfg = Debug|iPhoneSimulator
		{6284255D-DA88-43B7-AF98-8BF3C9CD4E13}.Debug|iPhoneSimulator.Build.0 = Debug|iPhoneSimulator
		{6284255D-DA88-43B7-AF98-8BF3C9CD4E13}.Debug|iPhoneSimulator.Deploy.0 = Debug|iPhoneSimulator
		{6284255D-DA88-43B7-AF98-8BF3C9CD4E13}.Debug|x64.ActiveCfg = Debug|iPhone
		{6284255D-DA88-43B7-AF98-8BF3C9CD4E13}.Debug|x64.Build.0 = Debug|iPhone
		{6284255D-DA88-43B7-AF98-8BF3C9CD4E13}.Debug|x64.Deploy.0 = Debug|iPhone
		{6284255D-DA88-43B7-AF98-8BF3C9CD4E13}.Debug|x86.ActiveCfg = Debug|iPhoneSimulator
		{6284255D-DA88-43B7-AF98-8BF3C9CD4E13}.Debug|x86.Build.0 = Debug|iPhoneSimulator
		{6284255D-DA88-43B7-AF98-8BF3C9CD4E13}.Debug|x86.Deploy.0 = Debug|iPhoneSimulator
		{6284255D-DA88-43B7-AF98-8BF3C9CD4E13}.Release|Any CPU.ActiveCfg = Release|iPhoneSimulator
		{6284255D-DA88-43B7-AF98-8BF3C9CD4E13}.Release|Any CPU.Build.0 = Release|iPhoneSimulator
		{6284255D-DA88-43B7-AF98-8BF3C9CD4E13}.Release|Any CPU.Deploy.0 = Release|iPhoneSimulator
		{6284255D-DA88-43B7-AF98-8BF3C9CD4E13}.Release|ARM.ActiveCfg = Release|iPhoneSimulator
		{6284255D-DA88-43B7-AF98-8BF3C9CD4E13}.Release|ARM.Build.0 = Release|iPhoneSimulator
		{6284255D-DA88-43B7-AF98-8BF3C9CD4E13}.Release|ARM.Deploy.0 = Release|iPhoneSimulator
		{6284255D-DA88-43B7-AF98-8BF3C9CD4E13}.Release|iPhone.ActiveCfg = Release|iPhone
		{6284255D-DA88-43B7-AF98-8BF3C9CD4E13}.Release|iPhone.Build.0 = Release|iPhone
		{6284255D-DA88-43B7-AF98-8BF3C9CD4E13}.Release|iPhone.Deploy.0 = Release|iPhone
		{6284255D-DA88-43B7-AF98-8BF3C9CD4E13}.Release|iPhoneSimulator.ActiveCfg = Release|iPhoneSimulator
		{6284255D-DA88-43B7-AF98-8BF3C9CD4E13}.Release|iPhoneSimulator.Build.0 = Release|iPhoneSimulator
		{6284255D-DA88-43B7-AF98-8BF3C9CD4E13}.Release|iPhoneSimulator.Deploy.0 = Release|iPhoneSimulator
		{6284255D-DA88-43B7-AF98-8BF3C9CD4E13}.Release|x64.ActiveCfg = Release|iPhoneSimulator
		{6284255D-DA88-43B7-AF98-8BF3C9CD4E13}.Release|x64.Build.0 = Release|iPhoneSimulator
		{6284255D-DA88-43B7-AF98-8BF3C9CD4E13}.Release|x64.Deploy.0 = Release|iPhoneSimulator
		{6284255D-DA88-43B7-AF98-8BF3C9CD4E13}.Release|x86.ActiveCfg = Release|iPhoneSimulator
		{6284255D-DA88-43B7-AF98-8BF3C9CD4E13}.Release|x86.Build.0 = Release|iPhoneSimulator
		{6284255D-DA88-43B7-AF98-8BF3C9CD4E13}.Release|x86.Deploy.0 = Release|iPhoneSimulator
		{506DEBBA-54AB-47B2-A50E-AEE8E1699518}.Debug|Any CPU.ActiveCfg = Debug|Any CPU
		{506DEBBA-54AB-47B2-A50E-AEE8E1699518}.Debug|Any CPU.Build.0 = Debug|Any CPU
		{506DEBBA-54AB-47B2-A50E-AEE8E1699518}.Debug|Any CPU.Deploy.0 = Debug|Any CPU
		{506DEBBA-54AB-47B2-A50E-AEE8E1699518}.Debug|ARM.ActiveCfg = Debug|Any CPU
		{506DEBBA-54AB-47B2-A50E-AEE8E1699518}.Debug|ARM.Build.0 = Debug|Any CPU
		{506DEBBA-54AB-47B2-A50E-AEE8E1699518}.Debug|ARM.Deploy.0 = Debug|Any CPU
		{506DEBBA-54AB-47B2-A50E-AEE8E1699518}.Debug|iPhone.ActiveCfg = Debug|Any CPU
		{506DEBBA-54AB-47B2-A50E-AEE8E1699518}.Debug|iPhone.Build.0 = Debug|Any CPU
		{506DEBBA-54AB-47B2-A50E-AEE8E1699518}.Debug|iPhone.Deploy.0 = Debug|Any CPU
		{506DEBBA-54AB-47B2-A50E-AEE8E1699518}.Debug|iPhoneSimulator.ActiveCfg = Debug|Any CPU
		{506DEBBA-54AB-47B2-A50E-AEE8E1699518}.Debug|iPhoneSimulator.Build.0 = Debug|Any CPU
		{506DEBBA-54AB-47B2-A50E-AEE8E1699518}.Debug|iPhoneSimulator.Deploy.0 = Debug|Any CPU
		{506DEBBA-54AB-47B2-A50E-AEE8E1699518}.Debug|x64.ActiveCfg = Debug|Any CPU
		{506DEBBA-54AB-47B2-A50E-AEE8E1699518}.Debug|x64.Build.0 = Debug|Any CPU
		{506DEBBA-54AB-47B2-A50E-AEE8E1699518}.Debug|x64.Deploy.0 = Debug|Any CPU
		{506DEBBA-54AB-47B2-A50E-AEE8E1699518}.Debug|x86.ActiveCfg = Debug|Any CPU
		{506DEBBA-54AB-47B2-A50E-AEE8E1699518}.Debug|x86.Build.0 = Debug|Any CPU
		{506DEBBA-54AB-47B2-A50E-AEE8E1699518}.Debug|x86.Deploy.0 = Debug|Any CPU
		{506DEBBA-54AB-47B2-A50E-AEE8E1699518}.Release|Any CPU.ActiveCfg = Release|Any CPU
		{506DEBBA-54AB-47B2-A50E-AEE8E1699518}.Release|Any CPU.Build.0 = Release|Any CPU
		{506DEBBA-54AB-47B2-A50E-AEE8E1699518}.Release|Any CPU.Deploy.0 = Release|Any CPU
		{506DEBBA-54AB-47B2-A50E-AEE8E1699518}.Release|ARM.ActiveCfg = Release|Any CPU
		{506DEBBA-54AB-47B2-A50E-AEE8E1699518}.Release|ARM.Build.0 = Release|Any CPU
		{506DEBBA-54AB-47B2-A50E-AEE8E1699518}.Release|ARM.Deploy.0 = Release|Any CPU
		{506DEBBA-54AB-47B2-A50E-AEE8E1699518}.Release|iPhone.ActiveCfg = Release|Any CPU
		{506DEBBA-54AB-47B2-A50E-AEE8E1699518}.Release|iPhone.Build.0 = Release|Any CPU
		{506DEBBA-54AB-47B2-A50E-AEE8E1699518}.Release|iPhone.Deploy.0 = Release|Any CPU
		{506DEBBA-54AB-47B2-A50E-AEE8E1699518}.Release|iPhoneSimulator.ActiveCfg = Release|Any CPU
		{506DEBBA-54AB-47B2-A50E-AEE8E1699518}.Release|iPhoneSimulator.Build.0 = Release|Any CPU
		{506DEBBA-54AB-47B2-A50E-AEE8E1699518}.Release|iPhoneSimulator.Deploy.0 = Release|Any CPU
		{506DEBBA-54AB-47B2-A50E-AEE8E1699518}.Release|x64.ActiveCfg = Release|Any CPU
		{506DEBBA-54AB-47B2-A50E-AEE8E1699518}.Release|x64.Build.0 = Release|Any CPU
		{506DEBBA-54AB-47B2-A50E-AEE8E1699518}.Release|x64.Deploy.0 = Release|Any CPU
		{506DEBBA-54AB-47B2-A50E-AEE8E1699518}.Release|x86.ActiveCfg = Release|Any CPU
		{506DEBBA-54AB-47B2-A50E-AEE8E1699518}.Release|x86.Build.0 = Release|Any CPU
		{506DEBBA-54AB-47B2-A50E-AEE8E1699518}.Release|x86.Deploy.0 = Release|Any CPU
	EndGlobalSection
	GlobalSection(SolutionProperties) = preSolution
		HideSolutionNode = FALSE
	EndGlobalSection
	GlobalSection(ExtensibilityGlobals) = postSolution
		SolutionGuid = {D0E032FC-F428-4AF7-A60E-C526BFD4A55F}
	EndGlobalSection
EndGlobal
